
Microsoft Visual Studio Solution File, Format Version 12.00
# Visual Studio Version 17
VisualStudioVersion = 17.0.31912.275
MinimumVisualStudioVersion = 10.0.40219.1
Project("{9A19103F-16F7-4668-BE54-9A1E7A4F7556}") = "MagicPictureSetDownloader", "MagicPictureSetDownloader\MagicPictureSetDownloader.csproj", "{C7574D77-E38C-44CB-AD3D-471CDEBD6D78}"
EndProject
Project("{9A19103F-16F7-4668-BE54-9A1E7A4F7556}") = "MagicPictureSetDownloader.ViewModel", "MagicPictureSetDownloader.ViewModel\MagicPictureSetDownloader.ViewModel.csproj", "{473562B3-1A2B-4F43-BA88-613C35D15AAC}"
EndProject
Project("{9A19103F-16F7-4668-BE54-9A1E7A4F7556}") = "MagicPictureSetDownloader.Core", "MagicPictureSetDownloader.Core\MagicPictureSetDownloader.Core.csproj", "{528D3805-C009-4AB4-9481-20F2106EFDE8}"
EndProject
Project("{9A19103F-16F7-4668-BE54-9A1E7A4F7556}") = "MagicPictureSetDownloader.Db", "MagicPictureSetDownloader.Db\MagicPictureSetDownloader.Db.csproj", "{1F2678D5-43D0-402E-AA40-2B0AA06C9292}"
EndProject
Project("{9A19103F-16F7-4668-BE54-9A1E7A4F7556}") = "MagicPictureSetDownloader.Interface", "MagicPictureSetDownloader.Interface\MagicPictureSetDownloader.Interface.csproj", "{EDDEBC12-CD36-49CE-A47D-AC5E903AB47B}"
EndProject
Project("{2150E333-8FDC-42A3-9474-1A3956D46DE8}") = "Solution Items", "Solution Items", "{D00700D7-C608-4B74-B712-CF8C773A975C}"
	ProjectSection(SolutionItems) = preProject
		..\.editorconfig = ..\.editorconfig
		MagicData.sqlite = MagicData.sqlite
	EndProjectSection
EndProject
Project("{9A19103F-16F7-4668-BE54-9A1E7A4F7556}") = "MagicPictureSetDownloader.DbGenerator", "MagicPictureSetDownloader.DbGenerator\MagicPictureSetDownloader.DbGenerator.csproj", "{DAC42AFE-DCFB-4FEC-90C9-1C26F6D4AAB9}"
EndProject
Global
	GlobalSection(SolutionConfigurationPlatforms) = preSolution
		Debug|Any CPU = Debug|Any CPU
		Release|Any CPU = Release|Any CPU
	EndGlobalSection
	GlobalSection(ProjectConfigurationPlatforms) = postSolution
		{C7574D77-E38C-44CB-AD3D-471CDEBD6D78}.Debug|Any CPU.ActiveCfg = Debug|Any CPU
		{C7574D77-E38C-44CB-AD3D-471CDEBD6D78}.Debug|Any CPU.Build.0 = Debug|Any CPU
		{C7574D77-E38C-44CB-AD3D-471CDEBD6D78}.Release|Any CPU.ActiveCfg = Release|Any CPU
		{C7574D77-E38C-44CB-AD3D-471CDEBD6D78}.Release|Any CPU.Build.0 = Release|Any CPU
		{473562B3-1A2B-4F43-BA88-613C35D15AAC}.Debug|Any CPU.ActiveCfg = Debug|Any CPU
		{473562B3-1A2B-4F43-BA88-613C35D15AAC}.Debug|Any CPU.Build.0 = Debug|Any CPU
		{473562B3-1A2B-4F43-BA88-613C35D15AAC}.Release|Any CPU.ActiveCfg = Release|Any CPU
		{473562B3-1A2B-4F43-BA88-613C35D15AAC}.Release|Any CPU.Build.0 = Release|Any CPU
		{528D3805-C009-4AB4-9481-20F2106EFDE8}.Debug|Any CPU.ActiveCfg = Debug|Any CPU
		{528D3805-C009-4AB4-9481-20F2106EFDE8}.Debug|Any CPU.Build.0 = Debug|Any CPU
		{528D3805-C009-4AB4-9481-20F2106EFDE8}.Release|Any CPU.ActiveCfg = Release|Any CPU
		{528D3805-C009-4AB4-9481-20F2106EFDE8}.Release|Any CPU.Build.0 = Release|Any CPU
		{1F2678D5-43D0-402E-AA40-2B0AA06C9292}.Debug|Any CPU.ActiveCfg = Debug|Any CPU
		{1F2678D5-43D0-402E-AA40-2B0AA06C9292}.Debug|Any CPU.Build.0 = Debug|Any CPU
		{1F2678D5-43D0-402E-AA40-2B0AA06C9292}.Release|Any CPU.ActiveCfg = Release|Any CPU
		{1F2678D5-43D0-402E-AA40-2B0AA06C9292}.Release|Any CPU.Build.0 = Release|Any CPU
		{EDDEBC12-CD36-49CE-A47D-AC5E903AB47B}.Debug|Any CPU.ActiveCfg = Debug|Any CPU
		{EDDEBC12-CD36-49CE-A47D-AC5E903AB47B}.Debug|Any CPU.Build.0 = Debug|Any CPU
		{EDDEBC12-CD36-49CE-A47D-AC5E903AB47B}.Release|Any CPU.ActiveCfg = Release|Any CPU
		{EDDEBC12-CD36-49CE-A47D-AC5E903AB47B}.Release|Any CPU.Build.0 = Release|Any CPU
		{DAC42AFE-DCFB-4FEC-90C9-1C26F6D4AAB9}.Debug|Any CPU.ActiveCfg = Debug|Any CPU
		{DAC42AFE-DCFB-4FEC-90C9-1C26F6D4AAB9}.Debug|Any CPU.Build.0 = Debug|Any CPU
		{DAC42AFE-DCFB-4FEC-90C9-1C26F6D4AAB9}.Release|Any CPU.ActiveCfg = Release|Any CPU
		{DAC42AFE-DCFB-4FEC-90C9-1C26F6D4AAB9}.Release|Any CPU.Build.0 = Release|Any CPU
	EndGlobalSection
	GlobalSection(SolutionProperties) = preSolution
		HideSolutionNode = FALSE
	EndGlobalSection
	GlobalSection(ExtensibilityGlobals) = postSolution
		SolutionGuid = {A0B29529-EE36-4DF3-BABE-5D86ACE4C991}
	EndGlobalSection
EndGlobal
