
Microsoft Visual Studio Solution File, Format Version 12.00
# Visual Studio Version 17
VisualStudioVersion = 17.0.31912.275
MinimumVisualStudioVersion = 10.0.40219.1
Project("{9A19103F-16F7-4668-BE54-9A1E7A4F7556}") = "Common.ViewModel", "Common.ViewModel\Common.ViewModel.csproj", "{770CD409-408D-44B1-84AE-B96513D9D7C7}"
EndProject
Project("{9A19103F-16F7-4668-BE54-9A1E7A4F7556}") = "Common.WPF", "Common.WPF\Common.WPF.csproj", "{0DB07B4A-35FE-4B4D-A7F1-82519772E0ED}"
EndProject
Project("{9A19103F-16F7-4668-BE54-9A1E7A4F7556}") = "Common.Library", "Common.Library\Common.Library.csproj", "{9AA9549E-0DAB-4E5A-A8BF-3F92BE765217}"
EndProject
Project("{9A19103F-16F7-4668-BE54-9A1E7A4F7556}") = "Common.Database", "Common.Database\Common.Database.csproj", "{C1458F9B-0A59-49B0-B5AC-4F85E2C8203E}"
EndProject
Project("{9A19103F-16F7-4668-BE54-9A1E7A4F7556}") = "Common.Zip", "Common.Zip\Common.Zip.csproj", "{FF762F87-3489-497F-B350-BC58A6ABC48E}"
EndProject
Project("{9A19103F-16F7-4668-BE54-9A1E7A4F7556}") = "Common.Drawing", "Common.Drawing\Common.Drawing.csproj", "{C1F1EF32-E4A7-4DF7-A009-E4E3F2BE6174}"
EndProject
Project("{9A19103F-16F7-4668-BE54-9A1E7A4F7556}") = "Common.SQLite", "Common.SQLite\Common.SQLite.csproj", "{4324D0F9-3736-43F6-8288-F92FF7636E4A}"
EndProject
Project("{9A19103F-16F7-4668-BE54-9A1E7A4F7556}") = "Common.SQL", "Common.SQL\Common.SQL.csproj", "{7A790459-8DE4-413A-820C-95320B91C1BB}"
EndProject
Project("{9A19103F-16F7-4668-BE54-9A1E7A4F7556}") = "Common.Web", "Common.Web\Common.Web.csproj", "{AC9EEF4C-FAD3-44E5-A97A-73F7DCDD9753}"
EndProject
Project("{2150E333-8FDC-42A3-9474-1A3956D46DE8}") = "Solution Items", "Solution Items", "{BDBA9739-DF5B-4700-A03D-3BE2161A5FBD}"
	ProjectSection(SolutionItems) = preProject
		..\.editorconfig = ..\.editorconfig
		Directory.Build.props = Directory.Build.props
		Directory.Build.targets = Directory.Build.targets
	EndProjectSection
EndProject
Project("{2150E333-8FDC-42A3-9474-1A3956D46DE8}") = "UnitTests", "UnitTests", "{D6C1D0BF-CF90-408C-A80A-8B9E92DDDFE3}"
EndProject
Project("{9A19103F-16F7-4668-BE54-9A1E7A4F7556}") = "Common.Zip.UnitTests", "UnitTests\Common.Zip.UnitTests\Common.Zip.UnitTests.csproj", "{B02A2B97-0F6E-4FAD-BD7F-AE4E6641C018}"
EndProject
Project("{9A19103F-16F7-4668-BE54-9A1E7A4F7556}") = "Common.ViewModel.UnitTests", "UnitTests\Common.ViewModel.UnitTests\Common.ViewModel.UnitTests.csproj", "{8E6B845E-25C1-433F-8406-2D02786A2A20}"
EndProject
Project("{9A19103F-16F7-4668-BE54-9A1E7A4F7556}") = "Common.Database.UnitTests", "UnitTests\Common.Database.UnitTests\Common.Database.UnitTests.csproj", "{62DFA148-6995-4B31-A2CB-7309D5D11C0F}"
EndProject
Project("{9A19103F-16F7-4668-BE54-9A1E7A4F7556}") = "MockDbData", "UnitTests\MockDbData\MockDbData.csproj", "{374CFE3F-1ECC-4E37-B06B-73CB998909FA}"
EndProject
Project("{9A19103F-16F7-4668-BE54-9A1E7A4F7556}") = "MockDbData.UnitTests", "UnitTests\MockDbData.UnitTests\MockDbData.UnitTests.csproj", "{96951E0D-38C0-4822-B0EB-095B2B71DADA}"
EndProject
Project("{9A19103F-16F7-4668-BE54-9A1E7A4F7556}") = "Common.Library.UnitTests", "UnitTests\Common.Library.UnitTests\Common.Library.UnitTests.csproj", "{A06DF895-3A42-4701-9E4B-2E00B7B0377D}"
EndProject
Global
	GlobalSection(SolutionConfigurationPlatforms) = preSolution
		Debug|Any CPU = Debug|Any CPU
		Release|Any CPU = Release|Any CPU
	EndGlobalSection
	GlobalSection(ProjectConfigurationPlatforms) = postSolution
		{770CD409-408D-44B1-84AE-B96513D9D7C7}.Debug|Any CPU.ActiveCfg = Debug|Any CPU
		{770CD409-408D-44B1-84AE-B96513D9D7C7}.Debug|Any CPU.Build.0 = Debug|Any CPU
		{770CD409-408D-44B1-84AE-B96513D9D7C7}.Release|Any CPU.ActiveCfg = Release|Any CPU
		{770CD409-408D-44B1-84AE-B96513D9D7C7}.Release|Any CPU.Build.0 = Release|Any CPU
		{0DB07B4A-35FE-4B4D-A7F1-82519772E0ED}.Debug|Any CPU.ActiveCfg = Debug|Any CPU
		{0DB07B4A-35FE-4B4D-A7F1-82519772E0ED}.Debug|Any CPU.Build.0 = Debug|Any CPU
		{0DB07B4A-35FE-4B4D-A7F1-82519772E0ED}.Release|Any CPU.ActiveCfg = Release|Any CPU
		{0DB07B4A-35FE-4B4D-A7F1-82519772E0ED}.Release|Any CPU.Build.0 = Release|Any CPU
		{9AA9549E-0DAB-4E5A-A8BF-3F92BE765217}.Debug|Any CPU.ActiveCfg = Debug|Any CPU
		{9AA9549E-0DAB-4E5A-A8BF-3F92BE765217}.Debug|Any CPU.Build.0 = Debug|Any CPU
		{9AA9549E-0DAB-4E5A-A8BF-3F92BE765217}.Release|Any CPU.ActiveCfg = Release|Any CPU
		{9AA9549E-0DAB-4E5A-A8BF-3F92BE765217}.Release|Any CPU.Build.0 = Release|Any CPU
		{C1458F9B-0A59-49B0-B5AC-4F85E2C8203E}.Debug|Any CPU.ActiveCfg = Debug|Any CPU
		{C1458F9B-0A59-49B0-B5AC-4F85E2C8203E}.Debug|Any CPU.Build.0 = Debug|Any CPU
		{C1458F9B-0A59-49B0-B5AC-4F85E2C8203E}.Release|Any CPU.ActiveCfg = Release|Any CPU
		{C1458F9B-0A59-49B0-B5AC-4F85E2C8203E}.Release|Any CPU.Build.0 = Release|Any CPU
		{FF762F87-3489-497F-B350-BC58A6ABC48E}.Debug|Any CPU.ActiveCfg = Debug|Any CPU
		{FF762F87-3489-497F-B350-BC58A6ABC48E}.Debug|Any CPU.Build.0 = Debug|Any CPU
		{FF762F87-3489-497F-B350-BC58A6ABC48E}.Release|Any CPU.ActiveCfg = Release|Any CPU
		{FF762F87-3489-497F-B350-BC58A6ABC48E}.Release|Any CPU.Build.0 = Release|Any CPU
		{C1F1EF32-E4A7-4DF7-A009-E4E3F2BE6174}.Debug|Any CPU.ActiveCfg = Debug|Any CPU
		{C1F1EF32-E4A7-4DF7-A009-E4E3F2BE6174}.Debug|Any CPU.Build.0 = Debug|Any CPU
		{C1F1EF32-E4A7-4DF7-A009-E4E3F2BE6174}.Release|Any CPU.ActiveCfg = Release|Any CPU
		{C1F1EF32-E4A7-4DF7-A009-E4E3F2BE6174}.Release|Any CPU.Build.0 = Release|Any CPU
		{4324D0F9-3736-43F6-8288-F92FF7636E4A}.Debug|Any CPU.ActiveCfg = Debug|Any CPU
		{4324D0F9-3736-43F6-8288-F92FF7636E4A}.Debug|Any CPU.Build.0 = Debug|Any CPU
		{4324D0F9-3736-43F6-8288-F92FF7636E4A}.Release|Any CPU.ActiveCfg = Release|Any CPU
		{4324D0F9-3736-43F6-8288-F92FF7636E4A}.Release|Any CPU.Build.0 = Release|Any CPU
		{7A790459-8DE4-413A-820C-95320B91C1BB}.Debug|Any CPU.ActiveCfg = Debug|Any CPU
		{7A790459-8DE4-413A-820C-95320B91C1BB}.Debug|Any CPU.Build.0 = Debug|Any CPU
		{7A790459-8DE4-413A-820C-95320B91C1BB}.Release|Any CPU.ActiveCfg = Release|Any CPU
		{7A790459-8DE4-413A-820C-95320B91C1BB}.Release|Any CPU.Build.0 = Release|Any CPU
		{AC9EEF4C-FAD3-44E5-A97A-73F7DCDD9753}.Debug|Any CPU.ActiveCfg = Debug|Any CPU
		{AC9EEF4C-FAD3-44E5-A97A-73F7DCDD9753}.Debug|Any CPU.Build.0 = Debug|Any CPU
		{AC9EEF4C-FAD3-44E5-A97A-73F7DCDD9753}.Release|Any CPU.ActiveCfg = Release|Any CPU
		{AC9EEF4C-FAD3-44E5-A97A-73F7DCDD9753}.Release|Any CPU.Build.0 = Release|Any CPU
		{B02A2B97-0F6E-4FAD-BD7F-AE4E6641C018}.Debug|Any CPU.ActiveCfg = Debug|Any CPU
		{B02A2B97-0F6E-4FAD-BD7F-AE4E6641C018}.Debug|Any CPU.Build.0 = Debug|Any CPU
		{B02A2B97-0F6E-4FAD-BD7F-AE4E6641C018}.Release|Any CPU.ActiveCfg = Release|Any CPU
		{B02A2B97-0F6E-4FAD-BD7F-AE4E6641C018}.Release|Any CPU.Build.0 = Release|Any CPU
		{8E6B845E-25C1-433F-8406-2D02786A2A20}.Debug|Any CPU.ActiveCfg = Debug|Any CPU
		{8E6B845E-25C1-433F-8406-2D02786A2A20}.Debug|Any CPU.Build.0 = Debug|Any CPU
		{8E6B845E-25C1-433F-8406-2D02786A2A20}.Release|Any CPU.ActiveCfg = Release|Any CPU
		{8E6B845E-25C1-433F-8406-2D02786A2A20}.Release|Any CPU.Build.0 = Release|Any CPU
		{62DFA148-6995-4B31-A2CB-7309D5D11C0F}.Debug|Any CPU.ActiveCfg = Debug|Any CPU
		{62DFA148-6995-4B31-A2CB-7309D5D11C0F}.Debug|Any CPU.Build.0 = Debug|Any CPU
		{62DFA148-6995-4B31-A2CB-7309D5D11C0F}.Release|Any CPU.ActiveCfg = Release|Any CPU
		{62DFA148-6995-4B31-A2CB-7309D5D11C0F}.Release|Any CPU.Build.0 = Release|Any CPU
		{374CFE3F-1ECC-4E37-B06B-73CB998909FA}.Debug|Any CPU.ActiveCfg = Debug|Any CPU
		{374CFE3F-1ECC-4E37-B06B-73CB998909FA}.Debug|Any CPU.Build.0 = Debug|Any CPU
		{374CFE3F-1ECC-4E37-B06B-73CB998909FA}.Release|Any CPU.ActiveCfg = Release|Any CPU
		{374CFE3F-1ECC-4E37-B06B-73CB998909FA}.Release|Any CPU.Build.0 = Release|Any CPU
		{96951E0D-38C0-4822-B0EB-095B2B71DADA}.Debug|Any CPU.ActiveCfg = Debug|Any CPU
		{96951E0D-38C0-4822-B0EB-095B2B71DADA}.Debug|Any CPU.Build.0 = Debug|Any CPU
		{96951E0D-38C0-4822-B0EB-095B2B71DADA}.Release|Any CPU.ActiveCfg = Release|Any CPU
		{96951E0D-38C0-4822-B0EB-095B2B71DADA}.Release|Any CPU.Build.0 = Release|Any CPU
		{A06DF895-3A42-4701-9E4B-2E00B7B0377D}.Debug|Any CPU.ActiveCfg = Debug|Any CPU
		{A06DF895-3A42-4701-9E4B-2E00B7B0377D}.Debug|Any CPU.Build.0 = Debug|Any CPU
		{A06DF895-3A42-4701-9E4B-2E00B7B0377D}.Release|Any CPU.ActiveCfg = Release|Any CPU
		{A06DF895-3A42-4701-9E4B-2E00B7B0377D}.Release|Any CPU.Build.0 = Release|Any CPU
	EndGlobalSection
	GlobalSection(SolutionProperties) = preSolution
		HideSolutionNode = FALSE
	EndGlobalSection
	GlobalSection(NestedProjects) = preSolution
		{B02A2B97-0F6E-4FAD-BD7F-AE4E6641C018} = {D6C1D0BF-CF90-408C-A80A-8B9E92DDDFE3}
		{8E6B845E-25C1-433F-8406-2D02786A2A20} = {D6C1D0BF-CF90-408C-A80A-8B9E92DDDFE3}
		{62DFA148-6995-4B31-A2CB-7309D5D11C0F} = {D6C1D0BF-CF90-408C-A80A-8B9E92DDDFE3}
		{374CFE3F-1ECC-4E37-B06B-73CB998909FA} = {D6C1D0BF-CF90-408C-A80A-8B9E92DDDFE3}
		{96951E0D-38C0-4822-B0EB-095B2B71DADA} = {D6C1D0BF-CF90-408C-A80A-8B9E92DDDFE3}
		{A06DF895-3A42-4701-9E4B-2E00B7B0377D} = {D6C1D0BF-CF90-408C-A80A-8B9E92DDDFE3}
	EndGlobalSection
	GlobalSection(ExtensibilityGlobals) = postSolution
		SolutionGuid = {86770675-18BE-468D-8338-48E5D6094AEE}
	EndGlobalSection
EndGlobal
