
Microsoft Visual Studio Solution File, Format Version 12.00
# Visual Studio Version 17
VisualStudioVersion = 17.0.31912.275
MinimumVisualStudioVersion = 10.0.40219.1
Project("{9A19103F-16F7-4668-BE54-9A1E7A4F7556}") = "Common.ViewModel", "Common.ViewModel\Common.ViewModel.csproj", "{770CD409-408D-44B1-84AE-B96513D9D7C7}"
EndProject
Project("{9A19103F-16F7-4668-BE54-9A1E7A4F7556}") = "Common.WPF", "Common.WPF\Common.WPF.csproj", "{0DB07B4A-35FE-4B4D-A7F1-82519772E0ED}"
EndProject
Project("{9A19103F-16F7-4668-BE54-9A1E7A4F7556}") = "Common.Library", "Common.Library\Common.Library.csproj", "{9AA9549E-0DAB-4E5A-A8BF-3F92BE765217}"
EndProject
Project("{9A19103F-16F7-4668-BE54-9A1E7A4F7556}") = "Common.Database", "Common.Database\Common.Database.csproj", "{C1458F9B-0A59-49B0-B5AC-4F85E2C8203E}"
EndProject
Project("{9A19103F-16F7-4668-BE54-9A1E7A4F7556}") = "Common.Zip", "Common.Zip\Common.Zip.csproj", "{FF762F87-3489-497F-B350-BC58A6ABC48E}"
EndProject
Project("{9A19103F-16F7-4668-BE54-9A1E7A4F7556}") = "Common.Drawing", "Common.Drawing\Common.Drawing.csproj", "{C1F1EF32-E4A7-4DF7-A009-E4E3F2BE6174}"
EndProject
Project("{9A19103F-16F7-4668-BE54-9A1E7A4F7556}") = "Common.SQLite", "Common.SQLite\Common.SQLite.csproj", "{4324D0F9-3736-43F6-8288-F92FF7636E4A}"
EndProject
Project("{9A19103F-16F7-4668-BE54-9A1E7A4F7556}") = "Common.SQL", "Common.SQL\Common.SQL.csproj", "{7A790459-8DE4-413A-820C-95320B91C1BB}"
EndProject
Project("{9A19103F-16F7-4668-BE54-9A1E7A4F7556}") = "Common.Web", "Common.Web\Common.Web.csproj", "{AC9EEF4C-FAD3-44E5-A97A-73F7DCDD9753}"
EndProject
Project("{2150E333-8FDC-42A3-9474-1A3956D46DE8}") = "Solution Items", "Solution Items", "{BDBA9739-DF5B-4700-A03D-3BE2161A5FBD}"
	ProjectSection(SolutionItems) = preProject
		..\.editorconfig = ..\.editorconfig
		Directory.Build.props = Directory.Build.props
		Directory.Build.targets = Directory.Build.targets
		..\.github\workflows\dotnet-desktop.yml = ..\.github\workflows\dotnet-desktop.yml
	EndProjectSection
EndProject
Project("{2150E333-8FDC-42A3-9474-1A3956D46DE8}") = "UnitTests", "UnitTests", "{D6C1D0BF-CF90-408C-A80A-8B9E92DDDFE3}"
EndProject
Project("{9A19103F-16F7-4668-BE54-9A1E7A4F7556}") = "Common.Zip.UnitTests", "UnitTests\Common.Zip.UnitTests\Common.Zip.UnitTests.csproj", "{B02A2B97-0F6E-4FAD-BD7F-AE4E6641C018}"
EndProject
Project("{9A19103F-16F7-4668-BE54-9A1E7A4F7556}") = "Common.ViewModel.UnitTests", "UnitTests\Common.ViewModel.UnitTests\Common.ViewModel.UnitTests.csproj", "{8E6B845E-25C1-433F-8406-2D02786A2A20}"
EndProject
Project("{9A19103F-16F7-4668-BE54-9A1E7A4F7556}") = "Common.Database.UnitTests", "UnitTests\Common.Database.UnitTests\Common.Database.UnitTests.csproj", "{62DFA148-6995-4B31-A2CB-7309D5D11C0F}"
EndProject
Project("{9A19103F-16F7-4668-BE54-9A1E7A4F7556}") = "MockDbData", "UnitTests\MockDbData\MockDbData.csproj", "{374CFE3F-1ECC-4E37-B06B-73CB998909FA}"
EndProject
Project("{9A19103F-16F7-4668-BE54-9A1E7A4F7556}") = "MockDbData.UnitTests", "UnitTests\MockDbData.UnitTests\MockDbData.UnitTests.csproj", "{96951E0D-38C0-4822-B0EB-095B2B71DADA}"
EndProject
Project("{9A19103F-16F7-4668-BE54-9A1E7A4F7556}") = "Common.Library.UnitTests", "UnitTests\Common.Library.UnitTests\Common.Library.UnitTests.csproj", "{A06DF895-3A42-4701-9E4B-2E00B7B0377D}"
EndProject
Project("{9A19103F-16F7-4668-BE54-9A1E7A4F7556}") = "Common.Web.UnitTests", "UnitTests\Common.Web.UnitTests\Common.Web.UnitTests.csproj", "{834FF293-DEB4-4642-93AB-AE0724054D1A}"
EndProject
Project("{9A19103F-16F7-4668-BE54-9A1E7A4F7556}") = "Common.SQL.UnitTests", "UnitTests\Common.SQL.UnitTests\Common.SQL.UnitTests.csproj", "{B20EA82D-5D11-4B51-BBAF-00AF28627B4B}"
EndProject
Project("{9A19103F-16F7-4668-BE54-9A1E7A4F7556}") = "Common.SQLite.UnitTests", "UnitTests\Common.SQLite.UnitTests\Common.SQLite.UnitTests.csproj", "{36948B19-C3F4-46B1-BAE6-F71DF6274D97}"
EndProject
Project("{9A19103F-16F7-4668-BE54-9A1E7A4F7556}") = "Common.WPF.UnitTests", "UnitTests\Common.WPF.UnitTests\Common.WPF.UnitTests.csproj", "{9798DA68-6A84-4500-BF8A-7DB81FCF41B5}"
EndProject
Project("{FAE04EC0-301F-11D3-BF4B-00C04F79EFBC}") = "Common.CSV", "Common.CSV\Common.CSV.csproj", "{8A27BED2-AF31-90EF-7628-CB91E7DD8B4F}"
EndProject
Project("{FAE04EC0-301F-11D3-BF4B-00C04F79EFBC}") = "Common.CSV.UnitTests", "UnitTests\Common.CSV.UnitTests\Common.CSV.UnitTests.csproj", "{344EEA6A-2F82-819F-B29E-F591D909EE23}"
EndProject
Project("{FAE04EC0-301F-11D3-BF4B-00C04F79EFBC}") = "Common.Html", "Common.Html\Common.Html.csproj", "{1C6114D6-AC3E-CF67-D02A-5F8A7ACE64E3}"
EndProject
Project("{FAE04EC0-301F-11D3-BF4B-00C04F79EFBC}") = "Common.Html.UnitTests", "UnitTests\Common.Html.UnitTests\Common.Html.UnitTests.csproj", "{1DB75EE7-8D16-5F1B-A0A7-26A36D097656}"
EndProject
Project("{FAE04EC0-301F-11D3-BF4B-00C04F79EFBC}") = "Common.Threading", "Common.Threading\Common.Threading.csproj", "{12444110-A8B6-1A3F-EB70-ACED12EABCA7}"
EndProject
Project("{FAE04EC0-301F-11D3-BF4B-00C04F79EFBC}") = "Common.Threading.UnitTests", "UnitTests\Common.Threading.UnitTests\Common.Threading.UnitTests.csproj", "{1E63ADBC-E7AC-2ECC-1A6C-03E3E28A2FD4}"
EndProject
Project("{FAE04EC0-301F-11D3-BF4B-00C04F79EFBC}") = "Common.Enums", "Common.Enums\Common.Enums.csproj", "{3527CF7D-C5C7-AE73-0CC3-0C08F293BD1D}"
EndProject
Project("{FAE04EC0-301F-11D3-BF4B-00C04F79EFBC}") = "Common.Enums.UnitTests", "UnitTests\Common.Enums.UnitTests\Common.Enums.UnitTests.csproj", "{4175F412-19DE-B705-F013-8575D6600CAB}"
EndProject
Project("{FAE04EC0-301F-11D3-BF4B-00C04F79EFBC}") = "Common.Collection", "Common.Collection\Common.Collection.csproj", "{099CCA58-5482-3476-9995-47629167F2C4}"
EndProject
Project("{FAE04EC0-301F-11D3-BF4B-00C04F79EFBC}") = "Common.Notify", "Common.Notify\Common.Notify.csproj", "{BE8D305A-6730-6C63-8CE9-B733F6C04EA3}"
EndProject
Project("{FAE04EC0-301F-11D3-BF4B-00C04F79EFBC}") = "Common.Collection.UnitTests", "UnitTests\Common.Collection.UnitTests\Common.Collection.UnitTests.csproj", "{F54A3291-9707-0095-9E10-73103AB7988F}"
EndProject
Project("{FAE04EC0-301F-11D3-BF4B-00C04F79EFBC}") = "Common.Notify.UnitTests", "UnitTests\Common.Notify.UnitTests\Common.Notify.UnitTests.csproj", "{22C32C5A-5940-9F7B-73B9-35F066C5CF02}"
EndProject
Project("{FAE04EC0-301F-11D3-BF4B-00C04F79EFBC}") = "Common.ViewModel.Command", "Common.ViewModel.Command\Common.ViewModel.Command.csproj", "{01961078-4F41-4678-56BA-BCE3CC9C001A}"
EndProject
Project("{FAE04EC0-301F-11D3-BF4B-00C04F79EFBC}") = "Common.ViewModel.Command.UnitTests", "UnitTests\Common.ViewModel.Command.UnitTests\Common.ViewModel.Command.UnitTests.csproj", "{9ED4A3B4-3E87-27C7-A12F-39444AA30F09}"
EndProject
Project("{FAE04EC0-301F-11D3-BF4B-00C04F79EFBC}") = "Common.ViewModel.Validation", "Common.ViewModel.Validation\Common.ViewModel.Validation.csproj", "{E9032D6B-A472-29FB-35BA-34D3E8A5918C}"
EndProject
Project("{FAE04EC0-301F-11D3-BF4B-00C04F79EFBC}") = "Common.ViewModel.Validation.UnitTests", "UnitTests\Common.ViewModel.Validation.UnitTests\Common.ViewModel.Validation.UnitTests.csproj", "{41FA89CE-2C68-B539-B1FB-46D64AD88DC1}"
EndProject
Project("{FAE04EC0-301F-11D3-BF4B-00C04F79EFBC}") = "Common.ViewModel.Extended", "Common.ViewModel.Extended\Common.ViewModel.Extended.csproj", "{E24BB49B-2C5E-1AC9-CB1C-DEEEE0D82920}"
EndProject
Project("{FAE04EC0-301F-11D3-BF4B-00C04F79EFBC}") = "Common.ViewModel.Extended.UnitTests", "UnitTests\Common.ViewModel.Extended.UnitTests\Common.ViewModel.Extended.UnitTests.csproj", "{83E3D86B-BDE2-6261-2691-A22349CADC8D}"
EndProject
Project("{FAE04EC0-301F-11D3-BF4B-00C04F79EFBC}") = "Common.WPF.Converter", "Common.WPF.Converter\Common.WPF.Converter.csproj", "{8A5A2E46-4BE5-68C3-C7A8-6389AFBEAF37}"
EndProject
Project("{FAE04EC0-301F-11D3-BF4B-00C04F79EFBC}") = "Common.WPF.Converter.UnitTests", "UnitTests\Common.WPF.Converter.UnitTests\Common.WPF.Converter.UnitTests.csproj", "{5321A666-E583-0921-863E-EEB5361C118D}"
EndProject
Project("{FAE04EC0-301F-11D3-BF4B-00C04F79EFBC}") = "Common.WPF.Attach", "Common.WPF.Attach\Common.WPF.Attach.csproj", "{AEB0335F-5F2C-6500-74D3-CB849E6BE8C1}"
EndProject
Project("{FAE04EC0-301F-11D3-BF4B-00C04F79EFBC}") = "Common.WPF.Behavior", "Common.WPF.Behavior\Common.WPF.Behavior.csproj", "{FD6CDD56-F994-1026-3CF4-8EAB01ADE827}"
EndProject
Project("{FAE04EC0-301F-11D3-BF4B-00C04F79EFBC}") = "Common.WPF.Behavior.UnitTests", "UnitTests\Common.WPF.Behavior.UnitTests\Common.WPF.Behavior.UnitTests.csproj", "{8795E58D-32C9-ABBE-ABB6-D84D61C05689}"
EndProject
Project("{FAE04EC0-301F-11D3-BF4B-00C04F79EFBC}") = "Common.WPF.Attach.UnitTests", "UnitTests\Common.WPF.Attach.UnitTests\Common.WPF.Attach.UnitTests.csproj", "{A386A71C-1EEA-9F25-545F-BFF09FB9FBFF}"
EndProject
Project("{FAE04EC0-301F-11D3-BF4B-00C04F79EFBC}") = "Common.WPF.Extension.UnitTests", "UnitTests\Common.WPF.Extension.UnitTests\Common.WPF.Extension.UnitTests.csproj", "{DF2163BD-2BD7-26BC-7A2B-13ECD7846208}"
EndProject
Project("{FAE04EC0-301F-11D3-BF4B-00C04F79EFBC}") = "Common.WPF.Extension", "Common.WPF.Extension\Common.WPF.Extension.csproj", "{BBC8152D-18DD-D129-314F-5DE262C68F0D}"
EndProject
Project("{2150E333-8FDC-42A3-9474-1A3956D46DE8}") = "UI.UnitTests", "UI.UnitTests", "{02EA681E-C7D8-13C7-8484-4AC65E1B71E8}"
EndProject
Project("{FAE04EC0-301F-11D3-BF4B-00C04F79EFBC}") = "Common.UIBaseTests", "UnitTests\UI.UnitTests\Common.UIBaseTests\Common.UIBaseTests.csproj", "{A53569F2-BDA8-90CA-A4C4-86FD6601D67E}"
EndProject
Project("{FAE04EC0-301F-11D3-BF4B-00C04F79EFBC}") = "Common.WPF.Attach.UI.UnitTests", "UnitTests\UI.UnitTests\Common.WPF.Attach.UI.UnitTests\Common.WPF.Attach.UI.UnitTests.csproj", "{96811277-697A-1AB7-3ED5-EB9F5C3C6FD8}"
EndProject
Project("{FAE04EC0-301F-11D3-BF4B-00C04F79EFBC}") = "Common.WPF.Behavior.UI.UnitTests", "UnitTests\UI.UnitTests\Common.WPF.Behavior.UI.UnitTests\Common.WPF.Behavior.UI.UnitTests.csproj", "{03242A3F-F8C5-B1E3-31FA-7D668CC801E0}"
EndProject
Project("{FAE04EC0-301F-11D3-BF4B-00C04F79EFBC}") = "Common.WPF.UI.UnitTests", "UnitTests\UI.UnitTests\Common.WPF.UI.UnitTests\Common.WPF.UI.UnitTests.csproj", "{C6CE0613-D920-D893-845D-D979291489D1}"
EndProject
Project("{FAE04EC0-301F-11D3-BF4B-00C04F79EFBC}") = "Common.Log", "Common.Log\Common.Log.csproj", "{84992013-96F7-DB6D-F28C-2E60057A67E0}"
EndProject
Project("{FAE04EC0-301F-11D3-BF4B-00C04F79EFBC}") = "Common.Log.UnitTests", "UnitTests\Common.Log.UnitTests\Common.Log.UnitTests.csproj", "{E57B29B9-FC31-AC79-BD7F-0C1571108651}"
EndProject
Global
	GlobalSection(SolutionConfigurationPlatforms) = preSolution
		Debug|Any CPU = Debug|Any CPU
		Release|Any CPU = Release|Any CPU
	EndGlobalSection
	GlobalSection(ProjectConfigurationPlatforms) = postSolution
		{770CD409-408D-44B1-84AE-B96513D9D7C7}.Debug|Any CPU.ActiveCfg = Debug|Any CPU
		{770CD409-408D-44B1-84AE-B96513D9D7C7}.Debug|Any CPU.Build.0 = Debug|Any CPU
		{770CD409-408D-44B1-84AE-B96513D9D7C7}.Release|Any CPU.ActiveCfg = Release|Any CPU
		{770CD409-408D-44B1-84AE-B96513D9D7C7}.Release|Any CPU.Build.0 = Release|Any CPU
		{0DB07B4A-35FE-4B4D-A7F1-82519772E0ED}.Debug|Any CPU.ActiveCfg = Debug|Any CPU
		{0DB07B4A-35FE-4B4D-A7F1-82519772E0ED}.Debug|Any CPU.Build.0 = Debug|Any CPU
		{0DB07B4A-35FE-4B4D-A7F1-82519772E0ED}.Release|Any CPU.ActiveCfg = Release|Any CPU
		{0DB07B4A-35FE-4B4D-A7F1-82519772E0ED}.Release|Any CPU.Build.0 = Release|Any CPU
		{9AA9549E-0DAB-4E5A-A8BF-3F92BE765217}.Debug|Any CPU.ActiveCfg = Debug|Any CPU
		{9AA9549E-0DAB-4E5A-A8BF-3F92BE765217}.Debug|Any CPU.Build.0 = Debug|Any CPU
		{9AA9549E-0DAB-4E5A-A8BF-3F92BE765217}.Release|Any CPU.ActiveCfg = Release|Any CPU
		{9AA9549E-0DAB-4E5A-A8BF-3F92BE765217}.Release|Any CPU.Build.0 = Release|Any CPU
		{C1458F9B-0A59-49B0-B5AC-4F85E2C8203E}.Debug|Any CPU.ActiveCfg = Debug|Any CPU
		{C1458F9B-0A59-49B0-B5AC-4F85E2C8203E}.Debug|Any CPU.Build.0 = Debug|Any CPU
		{C1458F9B-0A59-49B0-B5AC-4F85E2C8203E}.Release|Any CPU.ActiveCfg = Release|Any CPU
		{C1458F9B-0A59-49B0-B5AC-4F85E2C8203E}.Release|Any CPU.Build.0 = Release|Any CPU
		{FF762F87-3489-497F-B350-BC58A6ABC48E}.Debug|Any CPU.ActiveCfg = Debug|Any CPU
		{FF762F87-3489-497F-B350-BC58A6ABC48E}.Debug|Any CPU.Build.0 = Debug|Any CPU
		{FF762F87-3489-497F-B350-BC58A6ABC48E}.Release|Any CPU.ActiveCfg = Release|Any CPU
		{FF762F87-3489-497F-B350-BC58A6ABC48E}.Release|Any CPU.Build.0 = Release|Any CPU
		{C1F1EF32-E4A7-4DF7-A009-E4E3F2BE6174}.Debug|Any CPU.ActiveCfg = Debug|Any CPU
		{C1F1EF32-E4A7-4DF7-A009-E4E3F2BE6174}.Debug|Any CPU.Build.0 = Debug|Any CPU
		{C1F1EF32-E4A7-4DF7-A009-E4E3F2BE6174}.Release|Any CPU.ActiveCfg = Release|Any CPU
		{C1F1EF32-E4A7-4DF7-A009-E4E3F2BE6174}.Release|Any CPU.Build.0 = Release|Any CPU
		{4324D0F9-3736-43F6-8288-F92FF7636E4A}.Debug|Any CPU.ActiveCfg = Debug|Any CPU
		{4324D0F9-3736-43F6-8288-F92FF7636E4A}.Debug|Any CPU.Build.0 = Debug|Any CPU
		{4324D0F9-3736-43F6-8288-F92FF7636E4A}.Release|Any CPU.ActiveCfg = Release|Any CPU
		{4324D0F9-3736-43F6-8288-F92FF7636E4A}.Release|Any CPU.Build.0 = Release|Any CPU
		{7A790459-8DE4-413A-820C-95320B91C1BB}.Debug|Any CPU.ActiveCfg = Debug|Any CPU
		{7A790459-8DE4-413A-820C-95320B91C1BB}.Debug|Any CPU.Build.0 = Debug|Any CPU
		{7A790459-8DE4-413A-820C-95320B91C1BB}.Release|Any CPU.ActiveCfg = Release|Any CPU
		{7A790459-8DE4-413A-820C-95320B91C1BB}.Release|Any CPU.Build.0 = Release|Any CPU
		{AC9EEF4C-FAD3-44E5-A97A-73F7DCDD9753}.Debug|Any CPU.ActiveCfg = Debug|Any CPU
		{AC9EEF4C-FAD3-44E5-A97A-73F7DCDD9753}.Debug|Any CPU.Build.0 = Debug|Any CPU
		{AC9EEF4C-FAD3-44E5-A97A-73F7DCDD9753}.Release|Any CPU.ActiveCfg = Release|Any CPU
		{AC9EEF4C-FAD3-44E5-A97A-73F7DCDD9753}.Release|Any CPU.Build.0 = Release|Any CPU
		{B02A2B97-0F6E-4FAD-BD7F-AE4E6641C018}.Debug|Any CPU.ActiveCfg = Debug|Any CPU
		{B02A2B97-0F6E-4FAD-BD7F-AE4E6641C018}.Debug|Any CPU.Build.0 = Debug|Any CPU
		{B02A2B97-0F6E-4FAD-BD7F-AE4E6641C018}.Release|Any CPU.ActiveCfg = Release|Any CPU
		{B02A2B97-0F6E-4FAD-BD7F-AE4E6641C018}.Release|Any CPU.Build.0 = Release|Any CPU
		{8E6B845E-25C1-433F-8406-2D02786A2A20}.Debug|Any CPU.ActiveCfg = Debug|Any CPU
		{8E6B845E-25C1-433F-8406-2D02786A2A20}.Debug|Any CPU.Build.0 = Debug|Any CPU
		{8E6B845E-25C1-433F-8406-2D02786A2A20}.Release|Any CPU.ActiveCfg = Release|Any CPU
		{8E6B845E-25C1-433F-8406-2D02786A2A20}.Release|Any CPU.Build.0 = Release|Any CPU
		{62DFA148-6995-4B31-A2CB-7309D5D11C0F}.Debug|Any CPU.ActiveCfg = Debug|Any CPU
		{62DFA148-6995-4B31-A2CB-7309D5D11C0F}.Debug|Any CPU.Build.0 = Debug|Any CPU
		{62DFA148-6995-4B31-A2CB-7309D5D11C0F}.Release|Any CPU.ActiveCfg = Release|Any CPU
		{62DFA148-6995-4B31-A2CB-7309D5D11C0F}.Release|Any CPU.Build.0 = Release|Any CPU
		{374CFE3F-1ECC-4E37-B06B-73CB998909FA}.Debug|Any CPU.ActiveCfg = Debug|Any CPU
		{374CFE3F-1ECC-4E37-B06B-73CB998909FA}.Debug|Any CPU.Build.0 = Debug|Any CPU
		{374CFE3F-1ECC-4E37-B06B-73CB998909FA}.Release|Any CPU.ActiveCfg = Release|Any CPU
		{374CFE3F-1ECC-4E37-B06B-73CB998909FA}.Release|Any CPU.Build.0 = Release|Any CPU
		{96951E0D-38C0-4822-B0EB-095B2B71DADA}.Debug|Any CPU.ActiveCfg = Debug|Any CPU
		{96951E0D-38C0-4822-B0EB-095B2B71DADA}.Debug|Any CPU.Build.0 = Debug|Any CPU
		{96951E0D-38C0-4822-B0EB-095B2B71DADA}.Release|Any CPU.ActiveCfg = Release|Any CPU
		{96951E0D-38C0-4822-B0EB-095B2B71DADA}.Release|Any CPU.Build.0 = Release|Any CPU
		{A06DF895-3A42-4701-9E4B-2E00B7B0377D}.Debug|Any CPU.ActiveCfg = Debug|Any CPU
		{A06DF895-3A42-4701-9E4B-2E00B7B0377D}.Debug|Any CPU.Build.0 = Debug|Any CPU
		{A06DF895-3A42-4701-9E4B-2E00B7B0377D}.Release|Any CPU.ActiveCfg = Release|Any CPU
		{A06DF895-3A42-4701-9E4B-2E00B7B0377D}.Release|Any CPU.Build.0 = Release|Any CPU
		{834FF293-DEB4-4642-93AB-AE0724054D1A}.Debug|Any CPU.ActiveCfg = Debug|Any CPU
		{834FF293-DEB4-4642-93AB-AE0724054D1A}.Debug|Any CPU.Build.0 = Debug|Any CPU
		{834FF293-DEB4-4642-93AB-AE0724054D1A}.Release|Any CPU.ActiveCfg = Release|Any CPU
		{834FF293-DEB4-4642-93AB-AE0724054D1A}.Release|Any CPU.Build.0 = Release|Any CPU
		{B20EA82D-5D11-4B51-BBAF-00AF28627B4B}.Debug|Any CPU.ActiveCfg = Debug|Any CPU
		{B20EA82D-5D11-4B51-BBAF-00AF28627B4B}.Debug|Any CPU.Build.0 = Debug|Any CPU
		{B20EA82D-5D11-4B51-BBAF-00AF28627B4B}.Release|Any CPU.ActiveCfg = Release|Any CPU
		{B20EA82D-5D11-4B51-BBAF-00AF28627B4B}.Release|Any CPU.Build.0 = Release|Any CPU
		{36948B19-C3F4-46B1-BAE6-F71DF6274D97}.Debug|Any CPU.ActiveCfg = Debug|Any CPU
		{36948B19-C3F4-46B1-BAE6-F71DF6274D97}.Debug|Any CPU.Build.0 = Debug|Any CPU
		{36948B19-C3F4-46B1-BAE6-F71DF6274D97}.Release|Any CPU.ActiveCfg = Release|Any CPU
		{36948B19-C3F4-46B1-BAE6-F71DF6274D97}.Release|Any CPU.Build.0 = Release|Any CPU
		{9798DA68-6A84-4500-BF8A-7DB81FCF41B5}.Debug|Any CPU.ActiveCfg = Debug|Any CPU
		{9798DA68-6A84-4500-BF8A-7DB81FCF41B5}.Debug|Any CPU.Build.0 = Debug|Any CPU
		{9798DA68-6A84-4500-BF8A-7DB81FCF41B5}.Release|Any CPU.ActiveCfg = Release|Any CPU
		{9798DA68-6A84-4500-BF8A-7DB81FCF41B5}.Release|Any CPU.Build.0 = Release|Any CPU
		{8A27BED2-AF31-90EF-7628-CB91E7DD8B4F}.Debug|Any CPU.ActiveCfg = Debug|Any CPU
		{8A27BED2-AF31-90EF-7628-CB91E7DD8B4F}.Debug|Any CPU.Build.0 = Debug|Any CPU
		{8A27BED2-AF31-90EF-7628-CB91E7DD8B4F}.Release|Any CPU.ActiveCfg = Release|Any CPU
		{8A27BED2-AF31-90EF-7628-CB91E7DD8B4F}.Release|Any CPU.Build.0 = Release|Any CPU
		{344EEA6A-2F82-819F-B29E-F591D909EE23}.Debug|Any CPU.ActiveCfg = Debug|Any CPU
		{344EEA6A-2F82-819F-B29E-F591D909EE23}.Debug|Any CPU.Build.0 = Debug|Any CPU
		{344EEA6A-2F82-819F-B29E-F591D909EE23}.Release|Any CPU.ActiveCfg = Release|Any CPU
		{344EEA6A-2F82-819F-B29E-F591D909EE23}.Release|Any CPU.Build.0 = Release|Any CPU
		{1C6114D6-AC3E-CF67-D02A-5F8A7ACE64E3}.Debug|Any CPU.ActiveCfg = Debug|Any CPU
		{1C6114D6-AC3E-CF67-D02A-5F8A7ACE64E3}.Debug|Any CPU.Build.0 = Debug|Any CPU
		{1C6114D6-AC3E-CF67-D02A-5F8A7ACE64E3}.Release|Any CPU.ActiveCfg = Release|Any CPU
		{1C6114D6-AC3E-CF67-D02A-5F8A7ACE64E3}.Release|Any CPU.Build.0 = Release|Any CPU
		{1DB75EE7-8D16-5F1B-A0A7-26A36D097656}.Debug|Any CPU.ActiveCfg = Debug|Any CPU
		{1DB75EE7-8D16-5F1B-A0A7-26A36D097656}.Debug|Any CPU.Build.0 = Debug|Any CPU
		{1DB75EE7-8D16-5F1B-A0A7-26A36D097656}.Release|Any CPU.ActiveCfg = Release|Any CPU
		{1DB75EE7-8D16-5F1B-A0A7-26A36D097656}.Release|Any CPU.Build.0 = Release|Any CPU
		{12444110-A8B6-1A3F-EB70-ACED12EABCA7}.Debug|Any CPU.ActiveCfg = Debug|Any CPU
		{12444110-A8B6-1A3F-EB70-ACED12EABCA7}.Debug|Any CPU.Build.0 = Debug|Any CPU
		{12444110-A8B6-1A3F-EB70-ACED12EABCA7}.Release|Any CPU.ActiveCfg = Release|Any CPU
		{12444110-A8B6-1A3F-EB70-ACED12EABCA7}.Release|Any CPU.Build.0 = Release|Any CPU
		{1E63ADBC-E7AC-2ECC-1A6C-03E3E28A2FD4}.Debug|Any CPU.ActiveCfg = Debug|Any CPU
		{1E63ADBC-E7AC-2ECC-1A6C-03E3E28A2FD4}.Debug|Any CPU.Build.0 = Debug|Any CPU
		{1E63ADBC-E7AC-2ECC-1A6C-03E3E28A2FD4}.Release|Any CPU.ActiveCfg = Release|Any CPU
		{1E63ADBC-E7AC-2ECC-1A6C-03E3E28A2FD4}.Release|Any CPU.Build.0 = Release|Any CPU
		{3527CF7D-C5C7-AE73-0CC3-0C08F293BD1D}.Debug|Any CPU.ActiveCfg = Debug|Any CPU
		{3527CF7D-C5C7-AE73-0CC3-0C08F293BD1D}.Debug|Any CPU.Build.0 = Debug|Any CPU
		{3527CF7D-C5C7-AE73-0CC3-0C08F293BD1D}.Release|Any CPU.ActiveCfg = Release|Any CPU
		{3527CF7D-C5C7-AE73-0CC3-0C08F293BD1D}.Release|Any CPU.Build.0 = Release|Any CPU
		{4175F412-19DE-B705-F013-8575D6600CAB}.Debug|Any CPU.ActiveCfg = Debug|Any CPU
		{4175F412-19DE-B705-F013-8575D6600CAB}.Debug|Any CPU.Build.0 = Debug|Any CPU
		{4175F412-19DE-B705-F013-8575D6600CAB}.Release|Any CPU.ActiveCfg = Release|Any CPU
		{4175F412-19DE-B705-F013-8575D6600CAB}.Release|Any CPU.Build.0 = Release|Any CPU
		{099CCA58-5482-3476-9995-47629167F2C4}.Debug|Any CPU.ActiveCfg = Debug|Any CPU
		{099CCA58-5482-3476-9995-47629167F2C4}.Debug|Any CPU.Build.0 = Debug|Any CPU
		{099CCA58-5482-3476-9995-47629167F2C4}.Release|Any CPU.ActiveCfg = Release|Any CPU
		{099CCA58-5482-3476-9995-47629167F2C4}.Release|Any CPU.Build.0 = Release|Any CPU
		{BE8D305A-6730-6C63-8CE9-B733F6C04EA3}.Debug|Any CPU.ActiveCfg = Debug|Any CPU
		{BE8D305A-6730-6C63-8CE9-B733F6C04EA3}.Debug|Any CPU.Build.0 = Debug|Any CPU
		{BE8D305A-6730-6C63-8CE9-B733F6C04EA3}.Release|Any CPU.ActiveCfg = Release|Any CPU
		{BE8D305A-6730-6C63-8CE9-B733F6C04EA3}.Release|Any CPU.Build.0 = Release|Any CPU
		{F54A3291-9707-0095-9E10-73103AB7988F}.Debug|Any CPU.ActiveCfg = Debug|Any CPU
		{F54A3291-9707-0095-9E10-73103AB7988F}.Debug|Any CPU.Build.0 = Debug|Any CPU
		{F54A3291-9707-0095-9E10-73103AB7988F}.Release|Any CPU.ActiveCfg = Release|Any CPU
		{F54A3291-9707-0095-9E10-73103AB7988F}.Release|Any CPU.Build.0 = Release|Any CPU
		{22C32C5A-5940-9F7B-73B9-35F066C5CF02}.Debug|Any CPU.ActiveCfg = Debug|Any CPU
		{22C32C5A-5940-9F7B-73B9-35F066C5CF02}.Debug|Any CPU.Build.0 = Debug|Any CPU
		{22C32C5A-5940-9F7B-73B9-35F066C5CF02}.Release|Any CPU.ActiveCfg = Release|Any CPU
		{22C32C5A-5940-9F7B-73B9-35F066C5CF02}.Release|Any CPU.Build.0 = Release|Any CPU
		{01961078-4F41-4678-56BA-BCE3CC9C001A}.Debug|Any CPU.ActiveCfg = Debug|Any CPU
		{01961078-4F41-4678-56BA-BCE3CC9C001A}.Debug|Any CPU.Build.0 = Debug|Any CPU
		{01961078-4F41-4678-56BA-BCE3CC9C001A}.Release|Any CPU.ActiveCfg = Release|Any CPU
		{01961078-4F41-4678-56BA-BCE3CC9C001A}.Release|Any CPU.Build.0 = Release|Any CPU
		{9ED4A3B4-3E87-27C7-A12F-39444AA30F09}.Debug|Any CPU.ActiveCfg = Debug|Any CPU
		{9ED4A3B4-3E87-27C7-A12F-39444AA30F09}.Debug|Any CPU.Build.0 = Debug|Any CPU
		{9ED4A3B4-3E87-27C7-A12F-39444AA30F09}.Release|Any CPU.ActiveCfg = Release|Any CPU
		{9ED4A3B4-3E87-27C7-A12F-39444AA30F09}.Release|Any CPU.Build.0 = Release|Any CPU
		{E9032D6B-A472-29FB-35BA-34D3E8A5918C}.Debug|Any CPU.ActiveCfg = Debug|Any CPU
		{E9032D6B-A472-29FB-35BA-34D3E8A5918C}.Debug|Any CPU.Build.0 = Debug|Any CPU
		{E9032D6B-A472-29FB-35BA-34D3E8A5918C}.Release|Any CPU.ActiveCfg = Release|Any CPU
		{E9032D6B-A472-29FB-35BA-34D3E8A5918C}.Release|Any CPU.Build.0 = Release|Any CPU
		{41FA89CE-2C68-B539-B1FB-46D64AD88DC1}.Debug|Any CPU.ActiveCfg = Debug|Any CPU
		{41FA89CE-2C68-B539-B1FB-46D64AD88DC1}.Debug|Any CPU.Build.0 = Debug|Any CPU
		{41FA89CE-2C68-B539-B1FB-46D64AD88DC1}.Release|Any CPU.ActiveCfg = Release|Any CPU
		{41FA89CE-2C68-B539-B1FB-46D64AD88DC1}.Release|Any CPU.Build.0 = Release|Any CPU
		{E24BB49B-2C5E-1AC9-CB1C-DEEEE0D82920}.Debug|Any CPU.ActiveCfg = Debug|Any CPU
		{E24BB49B-2C5E-1AC9-CB1C-DEEEE0D82920}.Debug|Any CPU.Build.0 = Debug|Any CPU
		{E24BB49B-2C5E-1AC9-CB1C-DEEEE0D82920}.Release|Any CPU.ActiveCfg = Release|Any CPU
		{E24BB49B-2C5E-1AC9-CB1C-DEEEE0D82920}.Release|Any CPU.Build.0 = Release|Any CPU
		{83E3D86B-BDE2-6261-2691-A22349CADC8D}.Debug|Any CPU.ActiveCfg = Debug|Any CPU
		{83E3D86B-BDE2-6261-2691-A22349CADC8D}.Debug|Any CPU.Build.0 = Debug|Any CPU
		{83E3D86B-BDE2-6261-2691-A22349CADC8D}.Release|Any CPU.ActiveCfg = Release|Any CPU
		{83E3D86B-BDE2-6261-2691-A22349CADC8D}.Release|Any CPU.Build.0 = Release|Any CPU
		{8A5A2E46-4BE5-68C3-C7A8-6389AFBEAF37}.Debug|Any CPU.ActiveCfg = Debug|Any CPU
		{8A5A2E46-4BE5-68C3-C7A8-6389AFBEAF37}.Debug|Any CPU.Build.0 = Debug|Any CPU
		{8A5A2E46-4BE5-68C3-C7A8-6389AFBEAF37}.Release|Any CPU.ActiveCfg = Release|Any CPU
		{8A5A2E46-4BE5-68C3-C7A8-6389AFBEAF37}.Release|Any CPU.Build.0 = Release|Any CPU
		{5321A666-E583-0921-863E-EEB5361C118D}.Debug|Any CPU.ActiveCfg = Debug|Any CPU
		{5321A666-E583-0921-863E-EEB5361C118D}.Debug|Any CPU.Build.0 = Debug|Any CPU
		{5321A666-E583-0921-863E-EEB5361C118D}.Release|Any CPU.ActiveCfg = Release|Any CPU
		{5321A666-E583-0921-863E-EEB5361C118D}.Release|Any CPU.Build.0 = Release|Any CPU
		{AEB0335F-5F2C-6500-74D3-CB849E6BE8C1}.Debug|Any CPU.ActiveCfg = Debug|Any CPU
		{AEB0335F-5F2C-6500-74D3-CB849E6BE8C1}.Debug|Any CPU.Build.0 = Debug|Any CPU
		{AEB0335F-5F2C-6500-74D3-CB849E6BE8C1}.Release|Any CPU.ActiveCfg = Release|Any CPU
		{AEB0335F-5F2C-6500-74D3-CB849E6BE8C1}.Release|Any CPU.Build.0 = Release|Any CPU
		{FD6CDD56-F994-1026-3CF4-8EAB01ADE827}.Debug|Any CPU.ActiveCfg = Debug|Any CPU
		{FD6CDD56-F994-1026-3CF4-8EAB01ADE827}.Debug|Any CPU.Build.0 = Debug|Any CPU
		{FD6CDD56-F994-1026-3CF4-8EAB01ADE827}.Release|Any CPU.ActiveCfg = Release|Any CPU
		{FD6CDD56-F994-1026-3CF4-8EAB01ADE827}.Release|Any CPU.Build.0 = Release|Any CPU
		{8795E58D-32C9-ABBE-ABB6-D84D61C05689}.Debug|Any CPU.ActiveCfg = Debug|Any CPU
		{8795E58D-32C9-ABBE-ABB6-D84D61C05689}.Debug|Any CPU.Build.0 = Debug|Any CPU
		{8795E58D-32C9-ABBE-ABB6-D84D61C05689}.Release|Any CPU.ActiveCfg = Release|Any CPU
		{8795E58D-32C9-ABBE-ABB6-D84D61C05689}.Release|Any CPU.Build.0 = Release|Any CPU
		{A386A71C-1EEA-9F25-545F-BFF09FB9FBFF}.Debug|Any CPU.ActiveCfg = Debug|Any CPU
		{A386A71C-1EEA-9F25-545F-BFF09FB9FBFF}.Debug|Any CPU.Build.0 = Debug|Any CPU
		{A386A71C-1EEA-9F25-545F-BFF09FB9FBFF}.Release|Any CPU.ActiveCfg = Release|Any CPU
		{A386A71C-1EEA-9F25-545F-BFF09FB9FBFF}.Release|Any CPU.Build.0 = Release|Any CPU
		{DF2163BD-2BD7-26BC-7A2B-13ECD7846208}.Debug|Any CPU.ActiveCfg = Debug|Any CPU
		{DF2163BD-2BD7-26BC-7A2B-13ECD7846208}.Debug|Any CPU.Build.0 = Debug|Any CPU
		{DF2163BD-2BD7-26BC-7A2B-13ECD7846208}.Release|Any CPU.ActiveCfg = Release|Any CPU
		{DF2163BD-2BD7-26BC-7A2B-13ECD7846208}.Release|Any CPU.Build.0 = Release|Any CPU
		{BBC8152D-18DD-D129-314F-5DE262C68F0D}.Debug|Any CPU.ActiveCfg = Debug|Any CPU
		{BBC8152D-18DD-D129-314F-5DE262C68F0D}.Debug|Any CPU.Build.0 = Debug|Any CPU
		{BBC8152D-18DD-D129-314F-5DE262C68F0D}.Release|Any CPU.ActiveCfg = Release|Any CPU
		{BBC8152D-18DD-D129-314F-5DE262C68F0D}.Release|Any CPU.Build.0 = Release|Any CPU
		{A53569F2-BDA8-90CA-A4C4-86FD6601D67E}.Debug|Any CPU.ActiveCfg = Debug|Any CPU
		{A53569F2-BDA8-90CA-A4C4-86FD6601D67E}.Debug|Any CPU.Build.0 = Debug|Any CPU
		{A53569F2-BDA8-90CA-A4C4-86FD6601D67E}.Release|Any CPU.ActiveCfg = Release|Any CPU
		{A53569F2-BDA8-90CA-A4C4-86FD6601D67E}.Release|Any CPU.Build.0 = Release|Any CPU
		{96811277-697A-1AB7-3ED5-EB9F5C3C6FD8}.Debug|Any CPU.ActiveCfg = Debug|Any CPU
		{96811277-697A-1AB7-3ED5-EB9F5C3C6FD8}.Debug|Any CPU.Build.0 = Debug|Any CPU
		{96811277-697A-1AB7-3ED5-EB9F5C3C6FD8}.Release|Any CPU.ActiveCfg = Release|Any CPU
		{96811277-697A-1AB7-3ED5-EB9F5C3C6FD8}.Release|Any CPU.Build.0 = Release|Any CPU
		{03242A3F-F8C5-B1E3-31FA-7D668CC801E0}.Debug|Any CPU.ActiveCfg = Debug|Any CPU
		{03242A3F-F8C5-B1E3-31FA-7D668CC801E0}.Debug|Any CPU.Build.0 = Debug|Any CPU
		{03242A3F-F8C5-B1E3-31FA-7D668CC801E0}.Release|Any CPU.ActiveCfg = Release|Any CPU
		{03242A3F-F8C5-B1E3-31FA-7D668CC801E0}.Release|Any CPU.Build.0 = Release|Any CPU
		{C6CE0613-D920-D893-845D-D979291489D1}.Debug|Any CPU.ActiveCfg = Debug|Any CPU
		{C6CE0613-D920-D893-845D-D979291489D1}.Debug|Any CPU.Build.0 = Debug|Any CPU
		{C6CE0613-D920-D893-845D-D979291489D1}.Release|Any CPU.ActiveCfg = Release|Any CPU
		{C6CE0613-D920-D893-845D-D979291489D1}.Release|Any CPU.Build.0 = Release|Any CPU
		{84992013-96F7-DB6D-F28C-2E60057A67E0}.Debug|Any CPU.ActiveCfg = Debug|Any CPU
		{84992013-96F7-DB6D-F28C-2E60057A67E0}.Debug|Any CPU.Build.0 = Debug|Any CPU
		{84992013-96F7-DB6D-F28C-2E60057A67E0}.Release|Any CPU.ActiveCfg = Release|Any CPU
		{84992013-96F7-DB6D-F28C-2E60057A67E0}.Release|Any CPU.Build.0 = Release|Any CPU
		{E57B29B9-FC31-AC79-BD7F-0C1571108651}.Debug|Any CPU.ActiveCfg = Debug|Any CPU
		{E57B29B9-FC31-AC79-BD7F-0C1571108651}.Debug|Any CPU.Build.0 = Debug|Any CPU
		{E57B29B9-FC31-AC79-BD7F-0C1571108651}.Release|Any CPU.ActiveCfg = Release|Any CPU
		{E57B29B9-FC31-AC79-BD7F-0C1571108651}.Release|Any CPU.Build.0 = Release|Any CPU
	EndGlobalSection
	GlobalSection(SolutionProperties) = preSolution
		HideSolutionNode = FALSE
	EndGlobalSection
	GlobalSection(NestedProjects) = preSolution
		{B02A2B97-0F6E-4FAD-BD7F-AE4E6641C018} = {D6C1D0BF-CF90-408C-A80A-8B9E92DDDFE3}
		{8E6B845E-25C1-433F-8406-2D02786A2A20} = {D6C1D0BF-CF90-408C-A80A-8B9E92DDDFE3}
		{62DFA148-6995-4B31-A2CB-7309D5D11C0F} = {D6C1D0BF-CF90-408C-A80A-8B9E92DDDFE3}
		{374CFE3F-1ECC-4E37-B06B-73CB998909FA} = {D6C1D0BF-CF90-408C-A80A-8B9E92DDDFE3}
		{96951E0D-38C0-4822-B0EB-095B2B71DADA} = {D6C1D0BF-CF90-408C-A80A-8B9E92DDDFE3}
		{A06DF895-3A42-4701-9E4B-2E00B7B0377D} = {D6C1D0BF-CF90-408C-A80A-8B9E92DDDFE3}
		{834FF293-DEB4-4642-93AB-AE0724054D1A} = {D6C1D0BF-CF90-408C-A80A-8B9E92DDDFE3}
		{B20EA82D-5D11-4B51-BBAF-00AF28627B4B} = {D6C1D0BF-CF90-408C-A80A-8B9E92DDDFE3}
		{36948B19-C3F4-46B1-BAE6-F71DF6274D97} = {D6C1D0BF-CF90-408C-A80A-8B9E92DDDFE3}
		{9798DA68-6A84-4500-BF8A-7DB81FCF41B5} = {D6C1D0BF-CF90-408C-A80A-8B9E92DDDFE3}
		{344EEA6A-2F82-819F-B29E-F591D909EE23} = {D6C1D0BF-CF90-408C-A80A-8B9E92DDDFE3}
		{1DB75EE7-8D16-5F1B-A0A7-26A36D097656} = {D6C1D0BF-CF90-408C-A80A-8B9E92DDDFE3}
		{1E63ADBC-E7AC-2ECC-1A6C-03E3E28A2FD4} = {D6C1D0BF-CF90-408C-A80A-8B9E92DDDFE3}
		{4175F412-19DE-B705-F013-8575D6600CAB} = {D6C1D0BF-CF90-408C-A80A-8B9E92DDDFE3}
		{F54A3291-9707-0095-9E10-73103AB7988F} = {D6C1D0BF-CF90-408C-A80A-8B9E92DDDFE3}
		{22C32C5A-5940-9F7B-73B9-35F066C5CF02} = {D6C1D0BF-CF90-408C-A80A-8B9E92DDDFE3}
		{9ED4A3B4-3E87-27C7-A12F-39444AA30F09} = {D6C1D0BF-CF90-408C-A80A-8B9E92DDDFE3}
		{41FA89CE-2C68-B539-B1FB-46D64AD88DC1} = {D6C1D0BF-CF90-408C-A80A-8B9E92DDDFE3}
		{83E3D86B-BDE2-6261-2691-A22349CADC8D} = {D6C1D0BF-CF90-408C-A80A-8B9E92DDDFE3}
		{5321A666-E583-0921-863E-EEB5361C118D} = {D6C1D0BF-CF90-408C-A80A-8B9E92DDDFE3}
		{8795E58D-32C9-ABBE-ABB6-D84D61C05689} = {D6C1D0BF-CF90-408C-A80A-8B9E92DDDFE3}
		{A386A71C-1EEA-9F25-545F-BFF09FB9FBFF} = {D6C1D0BF-CF90-408C-A80A-8B9E92DDDFE3}
		{DF2163BD-2BD7-26BC-7A2B-13ECD7846208} = {D6C1D0BF-CF90-408C-A80A-8B9E92DDDFE3}
		{02EA681E-C7D8-13C7-8484-4AC65E1B71E8} = {D6C1D0BF-CF90-408C-A80A-8B9E92DDDFE3}
		{A53569F2-BDA8-90CA-A4C4-86FD6601D67E} = {02EA681E-C7D8-13C7-8484-4AC65E1B71E8}
		{96811277-697A-1AB7-3ED5-EB9F5C3C6FD8} = {02EA681E-C7D8-13C7-8484-4AC65E1B71E8}
		{03242A3F-F8C5-B1E3-31FA-7D668CC801E0} = {02EA681E-C7D8-13C7-8484-4AC65E1B71E8}
		{C6CE0613-D920-D893-845D-D979291489D1} = {02EA681E-C7D8-13C7-8484-4AC65E1B71E8}
		{E57B29B9-FC31-AC79-BD7F-0C1571108651} = {D6C1D0BF-CF90-408C-A80A-8B9E92DDDFE3}
	EndGlobalSection
	GlobalSection(ExtensibilityGlobals) = postSolution
		SolutionGuid = {86770675-18BE-468D-8338-48E5D6094AEE}
	EndGlobalSection
EndGlobal
